// !$*UTF8*$!
{
	archiveVersion = 1;
	classes = {
	};
	objectVersion = 46;
	objects = {

/* Begin PBXBuildFile section */
		1F00CC281CBDE7E50038C20B /* XCSNavView.m in Sources */ = {isa = PBXBuildFile; fileRef = 1F00CC271CBDE7E50038C20B /* XCSNavView.m */; };
		1F00CC2B1CBDF64D0038C20B /* XCSNavBtn.m in Sources */ = {isa = PBXBuildFile; fileRef = 1F00CC2A1CBDF64D0038C20B /* XCSNavBtn.m */; };
		1F227E431CAE002600316718 /* main.m in Sources */ = {isa = PBXBuildFile; fileRef = 1F227E421CAE002600316718 /* main.m */; };
		1F227E4E1CAE002600316718 /* Images.xcassets in Resources */ = {isa = PBXBuildFile; fileRef = 1F227E4D1CAE002600316718 /* Images.xcassets */; };
		1F227E5D1CAE002600316718 /* Boss__Tests.m in Sources */ = {isa = PBXBuildFile; fileRef = 1F227E5C1CAE002600316718 /* Boss__Tests.m */; };
		1F227E821CAE0B5D00316718 /* AppDelegate.m in Sources */ = {isa = PBXBuildFile; fileRef = 1F227E771CAE0B5D00316718 /* AppDelegate.m */; };
		1F22C1A31CAE17FB00A3A2D0 /* XCSTabBarViewController.m in Sources */ = {isa = PBXBuildFile; fileRef = 1F22C1A21CAE17FB00A3A2D0 /* XCSTabBarViewController.m */; };
		1F22C1A61CAE191A00A3A2D0 /* XCSPositionViewController.m in Sources */ = {isa = PBXBuildFile; fileRef = 1F22C1A51CAE191A00A3A2D0 /* XCSPositionViewController.m */; };
		1F22C1A91CAE195D00A3A2D0 /* XCSCompanyTableViewController.m in Sources */ = {isa = PBXBuildFile; fileRef = 1F22C1A81CAE195D00A3A2D0 /* XCSCompanyTableViewController.m */; };
		1F22C1AC1CAE198200A3A2D0 /* XCSMessageTableViewController.m in Sources */ = {isa = PBXBuildFile; fileRef = 1F22C1AB1CAE198200A3A2D0 /* XCSMessageTableViewController.m */; };
		1F22C1AF1CAE19F800A3A2D0 /* XCSProfileTableViewController.m in Sources */ = {isa = PBXBuildFile; fileRef = 1F22C1AE1CAE19F800A3A2D0 /* XCSProfileTableViewController.m */; };
		1F22C1B21CAE1A1F00A3A2D0 /* XCSMainNavViewController.m in Sources */ = {isa = PBXBuildFile; fileRef = 1F22C1B11CAE1A1F00A3A2D0 /* XCSMainNavViewController.m */; };
		1F22C1B61CAE358500A3A2D0 /* UIView+Extension.m in Sources */ = {isa = PBXBuildFile; fileRef = 1F22C1B51CAE358500A3A2D0 /* UIView+Extension.m */; };
		1FCAACAC1CC08FE200A78847 /* XCSRecommandTableViewHeadView.m in Sources */ = {isa = PBXBuildFile; fileRef = 1FCAACAB1CC08FE200A78847 /* XCSRecommandTableViewHeadView.m */; };
		1FCAACAE1CC08FFE00A78847 /* XCSRecommandTableViewHeadView.xib in Resources */ = {isa = PBXBuildFile; fileRef = 1FCAACAD1CC08FFE00A78847 /* XCSRecommandTableViewHeadView.xib */; };
		1FCAACB71CC0B40500A78847 /* XCSBossModel.m in Sources */ = {isa = PBXBuildFile; fileRef = 1FCAACB61CC0B40500A78847 /* XCSBossModel.m */; };
		1FCAAD471CC0B6E200A78847 /* MJDictionaryCache.m in Sources */ = {isa = PBXBuildFile; fileRef = 1FCAAD311CC0B6E200A78847 /* MJDictionaryCache.m */; };
		1FCAAD481CC0B6E200A78847 /* MJExtensionConst.m in Sources */ = {isa = PBXBuildFile; fileRef = 1FCAAD341CC0B6E200A78847 /* MJExtensionConst.m */; };
		1FCAAD491CC0B6E200A78847 /* MJFoundation.m in Sources */ = {isa = PBXBuildFile; fileRef = 1FCAAD361CC0B6E200A78847 /* MJFoundation.m */; };
		1FCAAD4A1CC0B6E200A78847 /* MJProperty.m in Sources */ = {isa = PBXBuildFile; fileRef = 1FCAAD381CC0B6E200A78847 /* MJProperty.m */; };
		1FCAAD4B1CC0B6E200A78847 /* MJPropertyKey.m in Sources */ = {isa = PBXBuildFile; fileRef = 1FCAAD3A1CC0B6E200A78847 /* MJPropertyKey.m */; };
		1FCAAD4C1CC0B6E200A78847 /* MJPropertyType.m in Sources */ = {isa = PBXBuildFile; fileRef = 1FCAAD3C1CC0B6E200A78847 /* MJPropertyType.m */; };
		1FCAAD4D1CC0B6E200A78847 /* NSObject+MJClass.m in Sources */ = {isa = PBXBuildFile; fileRef = 1FCAAD3E1CC0B6E200A78847 /* NSObject+MJClass.m */; };
		1FCAAD4E1CC0B6E200A78847 /* NSObject+MJCoding.m in Sources */ = {isa = PBXBuildFile; fileRef = 1FCAAD401CC0B6E200A78847 /* NSObject+MJCoding.m */; };
		1FCAAD4F1CC0B6E200A78847 /* NSObject+MJKeyValue.m in Sources */ = {isa = PBXBuildFile; fileRef = 1FCAAD421CC0B6E200A78847 /* NSObject+MJKeyValue.m */; };
		1FCAAD501CC0B6E200A78847 /* NSObject+MJProperty.m in Sources */ = {isa = PBXBuildFile; fileRef = 1FCAAD441CC0B6E200A78847 /* NSObject+MJProperty.m */; };
		1FCAAD511CC0B6E200A78847 /* NSString+MJExtension.m in Sources */ = {isa = PBXBuildFile; fileRef = 1FCAAD461CC0B6E200A78847 /* NSString+MJExtension.m */; };
		1FCAAD531CC0BA9600A78847 /* bossList.plist in Resources */ = {isa = PBXBuildFile; fileRef = 1FCAAD521CC0BA9600A78847 /* bossList.plist */; };
		1FCAAD581CC0C21D00A78847 /* XCSPositionCell.m in Sources */ = {isa = PBXBuildFile; fileRef = 1FCAAD571CC0C21D00A78847 /* XCSPositionCell.m */; };
		1FCAAD5B1CC0C29B00A78847 /* XCSBossModelFram.m in Sources */ = {isa = PBXBuildFile; fileRef = 1FCAAD5A1CC0C29B00A78847 /* XCSBossModelFram.m */; };
/* End PBXBuildFile section */

/* Begin PBXContainerItemProxy section */
		1F227E571CAE002600316718 /* PBXContainerItemProxy */ = {
			isa = PBXContainerItemProxy;
			containerPortal = 1F227E351CAE002600316718 /* Project object */;
			proxyType = 1;
			remoteGlobalIDString = 1F227E3C1CAE002600316718;
			remoteInfo = "Boss直聘";
		};
/* End PBXContainerItemProxy section */

/* Begin PBXFileReference section */
		1F00CC261CBDE7E50038C20B /* XCSNavView.h */ = {isa = PBXFileReference; fileEncoding = 4; lastKnownFileType = sourcecode.c.h; path = XCSNavView.h; sourceTree = "<group>"; };
		1F00CC271CBDE7E50038C20B /* XCSNavView.m */ = {isa = PBXFileReference; fileEncoding = 4; lastKnownFileType = sourcecode.c.objc; path = XCSNavView.m; sourceTree = "<group>"; };
		1F00CC291CBDF64D0038C20B /* XCSNavBtn.h */ = {isa = PBXFileReference; fileEncoding = 4; lastKnownFileType = sourcecode.c.h; path = XCSNavBtn.h; sourceTree = "<group>"; };
		1F00CC2A1CBDF64D0038C20B /* XCSNavBtn.m */ = {isa = PBXFileReference; fileEncoding = 4; lastKnownFileType = sourcecode.c.objc; path = XCSNavBtn.m; sourceTree = "<group>"; };
		1F227E3D1CAE002600316718 /* Boss直聘.app */ = {isa = PBXFileReference; explicitFileType = wrapper.application; includeInIndex = 0; path = "Boss直聘.app"; sourceTree = BUILT_PRODUCTS_DIR; };
		1F227E411CAE002600316718 /* Info.plist */ = {isa = PBXFileReference; lastKnownFileType = text.plist.xml; path = Info.plist; sourceTree = "<group>"; };
		1F227E421CAE002600316718 /* main.m */ = {isa = PBXFileReference; lastKnownFileType = sourcecode.c.objc; path = main.m; sourceTree = "<group>"; };
		1F227E4D1CAE002600316718 /* Images.xcassets */ = {isa = PBXFileReference; lastKnownFileType = folder.assetcatalog; path = Images.xcassets; sourceTree = "<group>"; };
		1F227E561CAE002600316718 /* Boss直聘Tests.xctest */ = {isa = PBXFileReference; explicitFileType = wrapper.cfbundle; includeInIndex = 0; path = "Boss直聘Tests.xctest"; sourceTree = BUILT_PRODUCTS_DIR; };
		1F227E5B1CAE002600316718 /* Info.plist */ = {isa = PBXFileReference; lastKnownFileType = text.plist.xml; path = Info.plist; sourceTree = "<group>"; };
		1F227E5C1CAE002600316718 /* Boss__Tests.m */ = {isa = PBXFileReference; lastKnownFileType = sourcecode.c.objc; path = Boss__Tests.m; sourceTree = "<group>"; };
		1F227E761CAE0B5D00316718 /* AppDelegate.h */ = {isa = PBXFileReference; fileEncoding = 4; lastKnownFileType = sourcecode.c.h; path = AppDelegate.h; sourceTree = "<group>"; };
		1F227E771CAE0B5D00316718 /* AppDelegate.m */ = {isa = PBXFileReference; fileEncoding = 4; lastKnownFileType = sourcecode.c.objc; path = AppDelegate.m; sourceTree = "<group>"; };
		1F227E831CAE100000316718 /* PrefixHeader.pch */ = {isa = PBXFileReference; fileEncoding = 4; lastKnownFileType = sourcecode.c.h; path = PrefixHeader.pch; sourceTree = "<group>"; };
		1F22C1A11CAE17FB00A3A2D0 /* XCSTabBarViewController.h */ = {isa = PBXFileReference; fileEncoding = 4; lastKnownFileType = sourcecode.c.h; path = XCSTabBarViewController.h; sourceTree = "<group>"; };
		1F22C1A21CAE17FB00A3A2D0 /* XCSTabBarViewController.m */ = {isa = PBXFileReference; fileEncoding = 4; lastKnownFileType = sourcecode.c.objc; path = XCSTabBarViewController.m; sourceTree = "<group>"; };
		1F22C1A41CAE191A00A3A2D0 /* XCSPositionViewController.h */ = {isa = PBXFileReference; fileEncoding = 4; lastKnownFileType = sourcecode.c.h; name = XCSPositionViewController.h; path = "Boss直聘/classes/Position/XCSPositionViewController.h"; sourceTree = SOURCE_ROOT; };
		1F22C1A51CAE191A00A3A2D0 /* XCSPositionViewController.m */ = {isa = PBXFileReference; fileEncoding = 4; lastKnownFileType = sourcecode.c.objc; name = XCSPositionViewController.m; path = "Boss直聘/classes/Position/XCSPositionViewController.m"; sourceTree = SOURCE_ROOT; };
		1F22C1A71CAE195D00A3A2D0 /* XCSCompanyTableViewController.h */ = {isa = PBXFileReference; fileEncoding = 4; lastKnownFileType = sourcecode.c.h; path = XCSCompanyTableViewController.h; sourceTree = "<group>"; };
		1F22C1A81CAE195D00A3A2D0 /* XCSCompanyTableViewController.m */ = {isa = PBXFileReference; fileEncoding = 4; lastKnownFileType = sourcecode.c.objc; path = XCSCompanyTableViewController.m; sourceTree = "<group>"; };
		1F22C1AA1CAE198200A3A2D0 /* XCSMessageTableViewController.h */ = {isa = PBXFileReference; fileEncoding = 4; lastKnownFileType = sourcecode.c.h; path = XCSMessageTableViewController.h; sourceTree = "<group>"; };
		1F22C1AB1CAE198200A3A2D0 /* XCSMessageTableViewController.m */ = {isa = PBXFileReference; fileEncoding = 4; lastKnownFileType = sourcecode.c.objc; path = XCSMessageTableViewController.m; sourceTree = "<group>"; };
		1F22C1AD1CAE19F800A3A2D0 /* XCSProfileTableViewController.h */ = {isa = PBXFileReference; fileEncoding = 4; lastKnownFileType = sourcecode.c.h; path = XCSProfileTableViewController.h; sourceTree = "<group>"; };
		1F22C1AE1CAE19F800A3A2D0 /* XCSProfileTableViewController.m */ = {isa = PBXFileReference; fileEncoding = 4; lastKnownFileType = sourcecode.c.objc; path = XCSProfileTableViewController.m; sourceTree = "<group>"; };
		1F22C1B01CAE1A1F00A3A2D0 /* XCSMainNavViewController.h */ = {isa = PBXFileReference; fileEncoding = 4; lastKnownFileType = sourcecode.c.h; path = XCSMainNavViewController.h; sourceTree = "<group>"; };
		1F22C1B11CAE1A1F00A3A2D0 /* XCSMainNavViewController.m */ = {isa = PBXFileReference; fileEncoding = 4; lastKnownFileType = sourcecode.c.objc; path = XCSMainNavViewController.m; sourceTree = "<group>"; };
		1F22C1B41CAE358500A3A2D0 /* UIView+Extension.h */ = {isa = PBXFileReference; fileEncoding = 4; lastKnownFileType = sourcecode.c.h; path = "UIView+Extension.h"; sourceTree = "<group>"; };
		1F22C1B51CAE358500A3A2D0 /* UIView+Extension.m */ = {isa = PBXFileReference; fileEncoding = 4; lastKnownFileType = sourcecode.c.objc; path = "UIView+Extension.m"; sourceTree = "<group>"; };
		1FCAACAA1CC08FE200A78847 /* XCSRecommandTableViewHeadView.h */ = {isa = PBXFileReference; fileEncoding = 4; lastKnownFileType = sourcecode.c.h; path = XCSRecommandTableViewHeadView.h; sourceTree = "<group>"; };
		1FCAACAB1CC08FE200A78847 /* XCSRecommandTableViewHeadView.m */ = {isa = PBXFileReference; fileEncoding = 4; lastKnownFileType = sourcecode.c.objc; path = XCSRecommandTableViewHeadView.m; sourceTree = "<group>"; };
		1FCAACAD1CC08FFE00A78847 /* XCSRecommandTableViewHeadView.xib */ = {isa = PBXFileReference; fileEncoding = 4; lastKnownFileType = file.xib; path = XCSRecommandTableViewHeadView.xib; sourceTree = "<group>"; };
		1FCAACB51CC0B40500A78847 /* XCSBossModel.h */ = {isa = PBXFileReference; fileEncoding = 4; lastKnownFileType = sourcecode.c.h; path = XCSBossModel.h; sourceTree = "<group>"; };
		1FCAACB61CC0B40500A78847 /* XCSBossModel.m */ = {isa = PBXFileReference; fileEncoding = 4; lastKnownFileType = sourcecode.c.objc; path = XCSBossModel.m; sourceTree = "<group>"; };
		1FCAAD301CC0B6E200A78847 /* MJDictionaryCache.h */ = {isa = PBXFileReference; fileEncoding = 4; lastKnownFileType = sourcecode.c.h; path = MJDictionaryCache.h; sourceTree = "<group>"; };
		1FCAAD311CC0B6E200A78847 /* MJDictionaryCache.m */ = {isa = PBXFileReference; fileEncoding = 4; lastKnownFileType = sourcecode.c.objc; path = MJDictionaryCache.m; sourceTree = "<group>"; };
		1FCAAD321CC0B6E200A78847 /* MJExtension.h */ = {isa = PBXFileReference; fileEncoding = 4; lastKnownFileType = sourcecode.c.h; path = MJExtension.h; sourceTree = "<group>"; };
		1FCAAD331CC0B6E200A78847 /* MJExtensionConst.h */ = {isa = PBXFileReference; fileEncoding = 4; lastKnownFileType = sourcecode.c.h; path = MJExtensionConst.h; sourceTree = "<group>"; };
		1FCAAD341CC0B6E200A78847 /* MJExtensionConst.m */ = {isa = PBXFileReference; fileEncoding = 4; lastKnownFileType = sourcecode.c.objc; path = MJExtensionConst.m; sourceTree = "<group>"; };
		1FCAAD351CC0B6E200A78847 /* MJFoundation.h */ = {isa = PBXFileReference; fileEncoding = 4; lastKnownFileType = sourcecode.c.h; path = MJFoundation.h; sourceTree = "<group>"; };
		1FCAAD361CC0B6E200A78847 /* MJFoundation.m */ = {isa = PBXFileReference; fileEncoding = 4; lastKnownFileType = sourcecode.c.objc; path = MJFoundation.m; sourceTree = "<group>"; };
		1FCAAD371CC0B6E200A78847 /* MJProperty.h */ = {isa = PBXFileReference; fileEncoding = 4; lastKnownFileType = sourcecode.c.h; path = MJProperty.h; sourceTree = "<group>"; };
		1FCAAD381CC0B6E200A78847 /* MJProperty.m */ = {isa = PBXFileReference; fileEncoding = 4; lastKnownFileType = sourcecode.c.objc; path = MJProperty.m; sourceTree = "<group>"; };
		1FCAAD391CC0B6E200A78847 /* MJPropertyKey.h */ = {isa = PBXFileReference; fileEncoding = 4; lastKnownFileType = sourcecode.c.h; path = MJPropertyKey.h; sourceTree = "<group>"; };
		1FCAAD3A1CC0B6E200A78847 /* MJPropertyKey.m */ = {isa = PBXFileReference; fileEncoding = 4; lastKnownFileType = sourcecode.c.objc; path = MJPropertyKey.m; sourceTree = "<group>"; };
		1FCAAD3B1CC0B6E200A78847 /* MJPropertyType.h */ = {isa = PBXFileReference; fileEncoding = 4; lastKnownFileType = sourcecode.c.h; path = MJPropertyType.h; sourceTree = "<group>"; };
		1FCAAD3C1CC0B6E200A78847 /* MJPropertyType.m */ = {isa = PBXFileReference; fileEncoding = 4; lastKnownFileType = sourcecode.c.objc; path = MJPropertyType.m; sourceTree = "<group>"; };
		1FCAAD3D1CC0B6E200A78847 /* NSObject+MJClass.h */ = {isa = PBXFileReference; fileEncoding = 4; lastKnownFileType = sourcecode.c.h; path = "NSObject+MJClass.h"; sourceTree = "<group>"; };
		1FCAAD3E1CC0B6E200A78847 /* NSObject+MJClass.m */ = {isa = PBXFileReference; fileEncoding = 4; lastKnownFileType = sourcecode.c.objc; path = "NSObject+MJClass.m"; sourceTree = "<group>"; };
		1FCAAD3F1CC0B6E200A78847 /* NSObject+MJCoding.h */ = {isa = PBXFileReference; fileEncoding = 4; lastKnownFileType = sourcecode.c.h; path = "NSObject+MJCoding.h"; sourceTree = "<group>"; };
		1FCAAD401CC0B6E200A78847 /* NSObject+MJCoding.m */ = {isa = PBXFileReference; fileEncoding = 4; lastKnownFileType = sourcecode.c.objc; path = "NSObject+MJCoding.m"; sourceTree = "<group>"; };
		1FCAAD411CC0B6E200A78847 /* NSObject+MJKeyValue.h */ = {isa = PBXFileReference; fileEncoding = 4; lastKnownFileType = sourcecode.c.h; path = "NSObject+MJKeyValue.h"; sourceTree = "<group>"; };
		1FCAAD421CC0B6E200A78847 /* NSObject+MJKeyValue.m */ = {isa = PBXFileReference; fileEncoding = 4; lastKnownFileType = sourcecode.c.objc; path = "NSObject+MJKeyValue.m"; sourceTree = "<group>"; };
		1FCAAD431CC0B6E200A78847 /* NSObject+MJProperty.h */ = {isa = PBXFileReference; fileEncoding = 4; lastKnownFileType = sourcecode.c.h; path = "NSObject+MJProperty.h"; sourceTree = "<group>"; };
		1FCAAD441CC0B6E200A78847 /* NSObject+MJProperty.m */ = {isa = PBXFileReference; fileEncoding = 4; lastKnownFileType = sourcecode.c.objc; path = "NSObject+MJProperty.m"; sourceTree = "<group>"; };
		1FCAAD451CC0B6E200A78847 /* NSString+MJExtension.h */ = {isa = PBXFileReference; fileEncoding = 4; lastKnownFileType = sourcecode.c.h; path = "NSString+MJExtension.h"; sourceTree = "<group>"; };
		1FCAAD461CC0B6E200A78847 /* NSString+MJExtension.m */ = {isa = PBXFileReference; fileEncoding = 4; lastKnownFileType = sourcecode.c.objc; path = "NSString+MJExtension.m"; sourceTree = "<group>"; };
		1FCAAD521CC0BA9600A78847 /* bossList.plist */ = {isa = PBXFileReference; fileEncoding = 4; lastKnownFileType = text.plist.xml; path = bossList.plist; sourceTree = "<group>"; };
		1FCAAD561CC0C21D00A78847 /* XCSPositionCell.h */ = {isa = PBXFileReference; fileEncoding = 4; lastKnownFileType = sourcecode.c.h; path = XCSPositionCell.h; sourceTree = "<group>"; };
		1FCAAD571CC0C21D00A78847 /* XCSPositionCell.m */ = {isa = PBXFileReference; fileEncoding = 4; lastKnownFileType = sourcecode.c.objc; path = XCSPositionCell.m; sourceTree = "<group>"; };
		1FCAAD591CC0C29B00A78847 /* XCSBossModelFram.h */ = {isa = PBXFileReference; fileEncoding = 4; lastKnownFileType = sourcecode.c.h; path = XCSBossModelFram.h; sourceTree = "<group>"; };
		1FCAAD5A1CC0C29B00A78847 /* XCSBossModelFram.m */ = {isa = PBXFileReference; fileEncoding = 4; lastKnownFileType = sourcecode.c.objc; path = XCSBossModelFram.m; sourceTree = "<group>"; };
/* End PBXFileReference section */

/* Begin PBXFrameworksBuildPhase section */
		1F227E3A1CAE002600316718 /* Frameworks */ = {
			isa = PBXFrameworksBuildPhase;
			buildActionMask = 2147483647;
			files = (
			);
			runOnlyForDeploymentPostprocessing = 0;
		};
		1F227E531CAE002600316718 /* Frameworks */ = {
			isa = PBXFrameworksBuildPhase;
			buildActionMask = 2147483647;
			files = (
			);
			runOnlyForDeploymentPostprocessing = 0;
		};
/* End PBXFrameworksBuildPhase section */

/* Begin PBXGroup section */
		1F227E341CAE002600316718 = {
			isa = PBXGroup;
			children = (
				1F227E3F1CAE002600316718 /* Boss直聘 */,
				1F227E591CAE002600316718 /* Boss直聘Tests */,
				1F227E3E1CAE002600316718 /* Products */,
			);
			sourceTree = "<group>";
		};
		1F227E3E1CAE002600316718 /* Products */ = {
			isa = PBXGroup;
			children = (
				1F227E3D1CAE002600316718 /* Boss直聘.app */,
				1F227E561CAE002600316718 /* Boss直聘Tests.xctest */,
			);
			name = Products;
			sourceTree = "<group>";
		};
		1F227E3F1CAE002600316718 /* Boss直聘 */ = {
			isa = PBXGroup;
			children = (
				1F227E661CAE0B5D00316718 /* classes */,
				1F227E4D1CAE002600316718 /* Images.xcassets */,
				1F227E401CAE002600316718 /* Supporting Files */,
			);
			path = "Boss直聘";
			sourceTree = "<group>";
		};
		1F227E401CAE002600316718 /* Supporting Files */ = {
			isa = PBXGroup;
			children = (
				1F227E411CAE002600316718 /* Info.plist */,
				1F227E421CAE002600316718 /* main.m */,
				1F227E831CAE100000316718 /* PrefixHeader.pch */,
				1FCAAD521CC0BA9600A78847 /* bossList.plist */,
			);
			name = "Supporting Files";
			sourceTree = "<group>";
		};
		1F227E591CAE002600316718 /* Boss直聘Tests */ = {
			isa = PBXGroup;
			children = (
				1F227E5C1CAE002600316718 /* Boss__Tests.m */,
				1F227E5A1CAE002600316718 /* Supporting Files */,
			);
			path = "Boss直聘Tests";
			sourceTree = "<group>";
		};
		1F227E5A1CAE002600316718 /* Supporting Files */ = {
			isa = PBXGroup;
			children = (
				1F227E5B1CAE002600316718 /* Info.plist */,
			);
			name = "Supporting Files";
			sourceTree = "<group>";
		};
		1F227E661CAE0B5D00316718 /* classes */ = {
			isa = PBXGroup;
			children = (
				1F227E671CAE0B5D00316718 /* Company */,
				1F227E6B1CAE0B5D00316718 /* Lib */,
				1F227E6C1CAE0B5D00316718 /* Main */,
				1F227E701CAE0B5D00316718 /* Message */,
				1F227E741CAE0B5D00316718 /* Other */,
				1F227E7A1CAE0B5D00316718 /* Position */,
				1F227E7E1CAE0B5D00316718 /* Profile */,
			);
			path = classes;
			sourceTree = "<group>";
		};
		1F227E671CAE0B5D00316718 /* Company */ = {
			isa = PBXGroup;
			children = (
				1F227E681CAE0B5D00316718 /* Controller */,
				1F227E691CAE0B5D00316718 /* Model */,
				1F227E6A1CAE0B5D00316718 /* View */,
			);
			path = Company;
			sourceTree = "<group>";
		};
		1F227E681CAE0B5D00316718 /* Controller */ = {
			isa = PBXGroup;
			children = (
				1F22C1A71CAE195D00A3A2D0 /* XCSCompanyTableViewController.h */,
				1F22C1A81CAE195D00A3A2D0 /* XCSCompanyTableViewController.m */,
			);
			path = Controller;
			sourceTree = "<group>";
		};
		1F227E691CAE0B5D00316718 /* Model */ = {
			isa = PBXGroup;
			children = (
			);
			path = Model;
			sourceTree = "<group>";
		};
		1F227E6A1CAE0B5D00316718 /* View */ = {
			isa = PBXGroup;
			children = (
			);
			path = View;
			sourceTree = "<group>";
		};
		1F227E6B1CAE0B5D00316718 /* Lib */ = {
			isa = PBXGroup;
			children = (
				1FCAAD2F1CC0B6E200A78847 /* MJExtension */,
				1F22C1B31CAE358500A3A2D0 /* UIView+Extension */,
			);
			path = Lib;
			sourceTree = "<group>";
		};
		1F227E6C1CAE0B5D00316718 /* Main */ = {
			isa = PBXGroup;
			children = (
				1F227E6D1CAE0B5D00316718 /* Controller */,
				1F227E6E1CAE0B5D00316718 /* Model */,
				1F227E6F1CAE0B5D00316718 /* View */,
			);
			path = Main;
			sourceTree = "<group>";
		};
		1F227E6D1CAE0B5D00316718 /* Controller */ = {
			isa = PBXGroup;
			children = (
				1F22C1A11CAE17FB00A3A2D0 /* XCSTabBarViewController.h */,
				1F22C1A21CAE17FB00A3A2D0 /* XCSTabBarViewController.m */,
				1F22C1B01CAE1A1F00A3A2D0 /* XCSMainNavViewController.h */,
				1F22C1B11CAE1A1F00A3A2D0 /* XCSMainNavViewController.m */,
			);
			path = Controller;
			sourceTree = "<group>";
		};
		1F227E6E1CAE0B5D00316718 /* Model */ = {
			isa = PBXGroup;
			children = (
			);
			path = Model;
			sourceTree = "<group>";
		};
		1F227E6F1CAE0B5D00316718 /* View */ = {
			isa = PBXGroup;
			children = (
			);
			path = View;
			sourceTree = "<group>";
		};
		1F227E701CAE0B5D00316718 /* Message */ = {
			isa = PBXGroup;
			children = (
				1F227E711CAE0B5D00316718 /* Controller */,
				1F227E721CAE0B5D00316718 /* Model */,
				1F227E731CAE0B5D00316718 /* View */,
			);
			path = Message;
			sourceTree = "<group>";
		};
		1F227E711CAE0B5D00316718 /* Controller */ = {
			isa = PBXGroup;
			children = (
				1F22C1AA1CAE198200A3A2D0 /* XCSMessageTableViewController.h */,
				1F22C1AB1CAE198200A3A2D0 /* XCSMessageTableViewController.m */,
			);
			path = Controller;
			sourceTree = "<group>";
		};
		1F227E721CAE0B5D00316718 /* Model */ = {
			isa = PBXGroup;
			children = (
			);
			path = Model;
			sourceTree = "<group>";
		};
		1F227E731CAE0B5D00316718 /* View */ = {
			isa = PBXGroup;
			children = (
			);
			path = View;
			sourceTree = "<group>";
		};
		1F227E741CAE0B5D00316718 /* Other */ = {
			isa = PBXGroup;
			children = (
				1F227E751CAE0B5D00316718 /* Controller */,
				1F227E781CAE0B5D00316718 /* Model */,
				1F227E791CAE0B5D00316718 /* View */,
			);
			path = Other;
			sourceTree = "<group>";
		};
		1F227E751CAE0B5D00316718 /* Controller */ = {
			isa = PBXGroup;
			children = (
				1F227E761CAE0B5D00316718 /* AppDelegate.h */,
				1F227E771CAE0B5D00316718 /* AppDelegate.m */,
			);
			path = Controller;
			sourceTree = "<group>";
		};
		1F227E781CAE0B5D00316718 /* Model */ = {
			isa = PBXGroup;
			children = (
			);
			path = Model;
			sourceTree = "<group>";
		};
		1F227E791CAE0B5D00316718 /* View */ = {
			isa = PBXGroup;
			children = (
			);
			path = View;
			sourceTree = "<group>";
		};
		1F227E7A1CAE0B5D00316718 /* Position */ = {
			isa = PBXGroup;
			children = (
				1F227E7B1CAE0B5D00316718 /* Controller */,
				1F227E7C1CAE0B5D00316718 /* Model */,
				1F227E7D1CAE0B5D00316718 /* View */,
			);
			path = Position;
			sourceTree = "<group>";
		};
		1F227E7B1CAE0B5D00316718 /* Controller */ = {
			isa = PBXGroup;
			children = (
				1F22C1A41CAE191A00A3A2D0 /* XCSPositionViewController.h */,
				1F22C1A51CAE191A00A3A2D0 /* XCSPositionViewController.m */,
			);
			path = Controller;
			sourceTree = "<group>";
		};
		1F227E7C1CAE0B5D00316718 /* Model */ = {
			isa = PBXGroup;
			children = (
				1FCAACB51CC0B40500A78847 /* XCSBossModel.h */,
				1FCAACB61CC0B40500A78847 /* XCSBossModel.m */,
				1FCAAD591CC0C29B00A78847 /* XCSBossModelFram.h */,
				1FCAAD5A1CC0C29B00A78847 /* XCSBossModelFram.m */,
			);
			path = Model;
			sourceTree = "<group>";
		};
		1F227E7D1CAE0B5D00316718 /* View */ = {
			isa = PBXGroup;
			children = (
				1F00CC261CBDE7E50038C20B /* XCSNavView.h */,
				1F00CC271CBDE7E50038C20B /* XCSNavView.m */,
				1F00CC291CBDF64D0038C20B /* XCSNavBtn.h */,
				1F00CC2A1CBDF64D0038C20B /* XCSNavBtn.m */,
				1FCAACAA1CC08FE200A78847 /* XCSRecommandTableViewHeadView.h */,
				1FCAACAB1CC08FE200A78847 /* XCSRecommandTableViewHeadView.m */,
				1FCAACAD1CC08FFE00A78847 /* XCSRecommandTableViewHeadView.xib */,
				1FCAAD561CC0C21D00A78847 /* XCSPositionCell.h */,
				1FCAAD571CC0C21D00A78847 /* XCSPositionCell.m */,
			);
			path = View;
			sourceTree = "<group>";
		};
		1F227E7E1CAE0B5D00316718 /* Profile */ = {
			isa = PBXGroup;
			children = (
				1F227E7F1CAE0B5D00316718 /* Controller */,
				1F227E801CAE0B5D00316718 /* Model */,
				1F227E811CAE0B5D00316718 /* View */,
			);
			path = Profile;
			sourceTree = "<group>";
		};
		1F227E7F1CAE0B5D00316718 /* Controller */ = {
			isa = PBXGroup;
			children = (
				1F22C1AD1CAE19F800A3A2D0 /* XCSProfileTableViewController.h */,
				1F22C1AE1CAE19F800A3A2D0 /* XCSProfileTableViewController.m */,
			);
			path = Controller;
			sourceTree = "<group>";
		};
		1F227E801CAE0B5D00316718 /* Model */ = {
			isa = PBXGroup;
			children = (
			);
			path = Model;
			sourceTree = "<group>";
		};
		1F227E811CAE0B5D00316718 /* View */ = {
			isa = PBXGroup;
			children = (
			);
			path = View;
			sourceTree = "<group>";
		};
		1F22C1B31CAE358500A3A2D0 /* UIView+Extension */ = {
			isa = PBXGroup;
			children = (
				1F22C1B41CAE358500A3A2D0 /* UIView+Extension.h */,
				1F22C1B51CAE358500A3A2D0 /* UIView+Extension.m */,
			);
			path = "UIView+Extension";
			sourceTree = "<group>";
		};
		1FCAAD2F1CC0B6E200A78847 /* MJExtension */ = {
			isa = PBXGroup;
			children = (
				1FCAAD301CC0B6E200A78847 /* MJDictionaryCache.h */,
				1FCAAD311CC0B6E200A78847 /* MJDictionaryCache.m */,
				1FCAAD321CC0B6E200A78847 /* MJExtension.h */,
				1FCAAD331CC0B6E200A78847 /* MJExtensionConst.h */,
				1FCAAD341CC0B6E200A78847 /* MJExtensionConst.m */,
				1FCAAD351CC0B6E200A78847 /* MJFoundation.h */,
				1FCAAD361CC0B6E200A78847 /* MJFoundation.m */,
				1FCAAD371CC0B6E200A78847 /* MJProperty.h */,
				1FCAAD381CC0B6E200A78847 /* MJProperty.m */,
				1FCAAD391CC0B6E200A78847 /* MJPropertyKey.h */,
				1FCAAD3A1CC0B6E200A78847 /* MJPropertyKey.m */,
				1FCAAD3B1CC0B6E200A78847 /* MJPropertyType.h */,
				1FCAAD3C1CC0B6E200A78847 /* MJPropertyType.m */,
				1FCAAD3D1CC0B6E200A78847 /* NSObject+MJClass.h */,
				1FCAAD3E1CC0B6E200A78847 /* NSObject+MJClass.m */,
				1FCAAD3F1CC0B6E200A78847 /* NSObject+MJCoding.h */,
				1FCAAD401CC0B6E200A78847 /* NSObject+MJCoding.m */,
				1FCAAD411CC0B6E200A78847 /* NSObject+MJKeyValue.h */,
				1FCAAD421CC0B6E200A78847 /* NSObject+MJKeyValue.m */,
				1FCAAD431CC0B6E200A78847 /* NSObject+MJProperty.h */,
				1FCAAD441CC0B6E200A78847 /* NSObject+MJProperty.m */,
				1FCAAD451CC0B6E200A78847 /* NSString+MJExtension.h */,
				1FCAAD461CC0B6E200A78847 /* NSString+MJExtension.m */,
			);
			path = MJExtension;
			sourceTree = "<group>";
		};
/* End PBXGroup section */

/* Begin PBXNativeTarget section */
		1F227E3C1CAE002600316718 /* Boss直聘 */ = {
			isa = PBXNativeTarget;
			buildConfigurationList = 1F227E601CAE002600316718 /* Build configuration list for PBXNativeTarget "Boss直聘" */;
			buildPhases = (
				1F227E391CAE002600316718 /* Sources */,
				1F227E3A1CAE002600316718 /* Frameworks */,
				1F227E3B1CAE002600316718 /* Resources */,
			);
			buildRules = (
			);
			dependencies = (
			);
			name = "Boss直聘";
			productName = "Boss直聘";
			productReference = 1F227E3D1CAE002600316718 /* Boss直聘.app */;
			productType = "com.apple.product-type.application";
		};
		1F227E551CAE002600316718 /* Boss直聘Tests */ = {
			isa = PBXNativeTarget;
			buildConfigurationList = 1F227E631CAE002600316718 /* Build configuration list for PBXNativeTarget "Boss直聘Tests" */;
			buildPhases = (
				1F227E521CAE002600316718 /* Sources */,
				1F227E531CAE002600316718 /* Frameworks */,
				1F227E541CAE002600316718 /* Resources */,
			);
			buildRules = (
			);
			dependencies = (
				1F227E581CAE002600316718 /* PBXTargetDependency */,
			);
			name = "Boss直聘Tests";
			productName = "Boss直聘Tests";
			productReference = 1F227E561CAE002600316718 /* Boss直聘Tests.xctest */;
			productType = "com.apple.product-type.bundle.unit-test";
		};
/* End PBXNativeTarget section */

/* Begin PBXProject section */
		1F227E351CAE002600316718 /* Project object */ = {
			isa = PBXProject;
			attributes = {
				CLASSPREFIX = XCS;
				LastUpgradeCheck = 0640;
				ORGANIZATIONNAME = xcs;
				TargetAttributes = {
					1F227E3C1CAE002600316718 = {
						CreatedOnToolsVersion = 6.4;
					};
					1F227E551CAE002600316718 = {
						CreatedOnToolsVersion = 6.4;
						TestTargetID = 1F227E3C1CAE002600316718;
					};
				};
			};
			buildConfigurationList = 1F227E381CAE002600316718 /* Build configuration list for PBXProject "Boss直聘" */;
			compatibilityVersion = "Xcode 3.2";
			developmentRegion = English;
			hasScannedForEncodings = 0;
			knownRegions = (
				en,
				Base,
			);
			mainGroup = 1F227E341CAE002600316718;
			productRefGroup = 1F227E3E1CAE002600316718 /* Products */;
			projectDirPath = "";
			projectRoot = "";
			targets = (
				1F227E3C1CAE002600316718 /* Boss直聘 */,
				1F227E551CAE002600316718 /* Boss直聘Tests */,
			);
		};
/* End PBXProject section */

/* Begin PBXResourcesBuildPhase section */
		1F227E3B1CAE002600316718 /* Resources */ = {
			isa = PBXResourcesBuildPhase;
			buildActionMask = 2147483647;
			files = (
				1FCAACAE1CC08FFE00A78847 /* XCSRecommandTableViewHeadView.xib in Resources */,
				1F227E4E1CAE002600316718 /* Images.xcassets in Resources */,
				1FCAAD531CC0BA9600A78847 /* bossList.plist in Resources */,
			);
			runOnlyForDeploymentPostprocessing = 0;
		};
		1F227E541CAE002600316718 /* Resources */ = {
			isa = PBXResourcesBuildPhase;
			buildActionMask = 2147483647;
			files = (
			);
			runOnlyForDeploymentPostprocessing = 0;
		};
/* End PBXResourcesBuildPhase section */

/* Begin PBXSourcesBuildPhase section */
		1F227E391CAE002600316718 /* Sources */ = {
			isa = PBXSourcesBuildPhase;
			buildActionMask = 2147483647;
			files = (
				1F22C1B61CAE358500A3A2D0 /* UIView+Extension.m in Sources */,
				1FCAAD481CC0B6E200A78847 /* MJExtensionConst.m in Sources */,
				1FCAACB71CC0B40500A78847 /* XCSBossModel.m in Sources */,
				1F22C1A91CAE195D00A3A2D0 /* XCSCompanyTableViewController.m in Sources */,
				1FCAAD4F1CC0B6E200A78847 /* NSObject+MJKeyValue.m in Sources */,
				1F22C1A61CAE191A00A3A2D0 /* XCSPositionViewController.m in Sources */,
				1F227E821CAE0B5D00316718 /* AppDelegate.m in Sources */,
				1F227E431CAE002600316718 /* main.m in Sources */,
				1FCAAD511CC0B6E200A78847 /* NSString+MJExtension.m in Sources */,
				1FCAAD4A1CC0B6E200A78847 /* MJProperty.m in Sources */,
				1FCAAD491CC0B6E200A78847 /* MJFoundation.m in Sources */,
				1FCAAD5B1CC0C29B00A78847 /* XCSBossModelFram.m in Sources */,
				1F22C1B21CAE1A1F00A3A2D0 /* XCSMainNavViewController.m in Sources */,
				1FCAAD581CC0C21D00A78847 /* XCSPositionCell.m in Sources */,
				1F00CC2B1CBDF64D0038C20B /* XCSNavBtn.m in Sources */,
				1F22C1AC1CAE198200A3A2D0 /* XCSMessageTableViewController.m in Sources */,
				1FCAAD4C1CC0B6E200A78847 /* MJPropertyType.m in Sources */,
				1FCAAD4D1CC0B6E200A78847 /* NSObject+MJClass.m in Sources */,
				1FCAAD4E1CC0B6E200A78847 /* NSObject+MJCoding.m in Sources */,
				1FCAAD471CC0B6E200A78847 /* MJDictionaryCache.m in Sources */,
				1FCAAD4B1CC0B6E200A78847 /* MJPropertyKey.m in Sources */,
				1FCAAD501CC0B6E200A78847 /* NSObject+MJProperty.m in Sources */,
				1F00CC281CBDE7E50038C20B /* XCSNavView.m in Sources */,
				1F22C1AF1CAE19F800A3A2D0 /* XCSProfileTableViewController.m in Sources */,
				1FCAACAC1CC08FE200A78847 /* XCSRecommandTableViewHeadView.m in Sources */,
				1F22C1A31CAE17FB00A3A2D0 /* XCSTabBarViewController.m in Sources */,
			);
			runOnlyForDeploymentPostprocessing = 0;
		};
		1F227E521CAE002600316718 /* Sources */ = {
			isa = PBXSourcesBuildPhase;
			buildActionMask = 2147483647;
			files = (
				1F227E5D1CAE002600316718 /* Boss__Tests.m in Sources */,
			);
			runOnlyForDeploymentPostprocessing = 0;
		};
/* End PBXSourcesBuildPhase section */

/* Begin PBXTargetDependency section */
		1F227E581CAE002600316718 /* PBXTargetDependency */ = {
			isa = PBXTargetDependency;
			target = 1F227E3C1CAE002600316718 /* Boss直聘 */;
			targetProxy = 1F227E571CAE002600316718 /* PBXContainerItemProxy */;
		};
/* End PBXTargetDependency section */

/* Begin XCBuildConfiguration section */
		1F227E5E1CAE002600316718 /* Debug */ = {
			isa = XCBuildConfiguration;
			buildSettings = {
				ALWAYS_SEARCH_USER_PATHS = NO;
				CLANG_CXX_LANGUAGE_STANDARD = "gnu++0x";
				CLANG_CXX_LIBRARY = "libc++";
				CLANG_ENABLE_MODULES = YES;
				CLANG_ENABLE_OBJC_ARC = YES;
				CLANG_WARN_BOOL_CONVERSION = YES;
				CLANG_WARN_CONSTANT_CONVERSION = YES;
				CLANG_WARN_DIRECT_OBJC_ISA_USAGE = YES_ERROR;
				CLANG_WARN_EMPTY_BODY = YES;
				CLANG_WARN_ENUM_CONVERSION = YES;
				CLANG_WARN_INT_CONVERSION = YES;
				CLANG_WARN_OBJC_ROOT_CLASS = YES_ERROR;
				CLANG_WARN_UNREACHABLE_CODE = YES;
				CLANG_WARN__DUPLICATE_METHOD_MATCH = YES;
				"CODE_SIGN_IDENTITY[sdk=iphoneos*]" = "iPhone Developer";
				COPY_PHASE_STRIP = NO;
				DEBUG_INFORMATION_FORMAT = "dwarf-with-dsym";
				ENABLE_STRICT_OBJC_MSGSEND = YES;
				GCC_C_LANGUAGE_STANDARD = gnu99;
				GCC_DYNAMIC_NO_PIC = NO;
				GCC_NO_COMMON_BLOCKS = YES;
				GCC_OPTIMIZATION_LEVEL = 0;
				GCC_PREPROCESSOR_DEFINITIONS = (
					"DEBUG=1",
					"$(inherited)",
				);
				GCC_SYMBOLS_PRIVATE_EXTERN = NO;
				GCC_VERSION = "";
				GCC_WARN_64_TO_32_BIT_CONVERSION = YES;
				GCC_WARN_ABOUT_RETURN_TYPE = YES_ERROR;
				GCC_WARN_UNDECLARED_SELECTOR = YES;
				GCC_WARN_UNINITIALIZED_AUTOS = YES_AGGRESSIVE;
				GCC_WARN_UNUSED_FUNCTION = YES;
				GCC_WARN_UNUSED_VARIABLE = YES;
				IPHONEOS_DEPLOYMENT_TARGET = 8.4;
				MTL_ENABLE_DEBUG_INFO = YES;
				ONLY_ACTIVE_ARCH = YES;
				SDKROOT = iphoneos;
			};
			name = Debug;
		};
		1F227E5F1CAE002600316718 /* Release */ = {
			isa = XCBuildConfiguration;
			buildSettings = {
				ALWAYS_SEARCH_USER_PATHS = NO;
				CLANG_CXX_LANGUAGE_STANDARD = "gnu++0x";
				CLANG_CXX_LIBRARY = "libc++";
				CLANG_ENABLE_MODULES = YES;
				CLANG_ENABLE_OBJC_ARC = YES;
				CLANG_WARN_BOOL_CONVERSION = YES;
				CLANG_WARN_CONSTANT_CONVERSION = YES;
				CLANG_WARN_DIRECT_OBJC_ISA_USAGE = YES_ERROR;
				CLANG_WARN_EMPTY_BODY = YES;
				CLANG_WARN_ENUM_CONVERSION = YES;
				CLANG_WARN_INT_CONVERSION = YES;
				CLANG_WARN_OBJC_ROOT_CLASS = YES_ERROR;
				CLANG_WARN_UNREACHABLE_CODE = YES;
				CLANG_WARN__DUPLICATE_METHOD_MATCH = YES;
				"CODE_SIGN_IDENTITY[sdk=iphoneos*]" = "iPhone Developer";
				COPY_PHASE_STRIP = NO;
				DEBUG_INFORMATION_FORMAT = "dwarf-with-dsym";
				ENABLE_NS_ASSERTIONS = NO;
				ENABLE_STRICT_OBJC_MSGSEND = YES;
				GCC_C_LANGUAGE_STANDARD = gnu99;
				GCC_NO_COMMON_BLOCKS = YES;
				GCC_VERSION = "";
				GCC_WARN_64_TO_32_BIT_CONVERSION = YES;
				GCC_WARN_ABOUT_RETURN_TYPE = YES_ERROR;
				GCC_WARN_UNDECLARED_SELECTOR = YES;
				GCC_WARN_UNINITIALIZED_AUTOS = YES_AGGRESSIVE;
				GCC_WARN_UNUSED_FUNCTION = YES;
				GCC_WARN_UNUSED_VARIABLE = YES;
				IPHONEOS_DEPLOYMENT_TARGET = 8.4;
				MTL_ENABLE_DEBUG_INFO = NO;
				SDKROOT = iphoneos;
				VALIDATE_PRODUCT = YES;
			};
			name = Release;
		};
		1F227E611CAE002600316718 /* Debug */ = {
			isa = XCBuildConfiguration;
			buildSettings = {
				ASSETCATALOG_COMPILER_APPICON_NAME = AppIcon;
				ASSETCATALOG_COMPILER_LAUNCHIMAGE_NAME = LaunchImage;
				GCC_INCREASE_PRECOMPILED_HEADER_SHARING = YES;
				GCC_PRECOMPILE_PREFIX_HEADER = YES;
				GCC_PREFIX_HEADER = "Boss直聘/PrefixHeader.pch";
				INFOPLIST_FILE = "Boss直聘/Info.plist";
				LD_RUNPATH_SEARCH_PATHS = "$(inherited) @executable_path/Frameworks";
				PRODUCT_NAME = "$(TARGET_NAME)";
			};
			name = Debug;
		};
		1F227E621CAE002600316718 /* Release */ = {
			isa = XCBuildConfiguration;
			buildSettings = {
				ASSETCATALOG_COMPILER_APPICON_NAME = AppIcon;
				ASSETCATALOG_COMPILER_LAUNCHIMAGE_NAME = LaunchImage;
				GCC_INCREASE_PRECOMPILED_HEADER_SHARING = YES;
				GCC_PRECOMPILE_PREFIX_HEADER = YES;
				GCC_PREFIX_HEADER = "Boss直聘/PrefixHeader.pch";
				INFOPLIST_FILE = "Boss直聘/Info.plist";
				LD_RUNPATH_SEARCH_PATHS = "$(inherited) @executable_path/Frameworks";
				PRODUCT_NAME = "$(TARGET_NAME)";
			};
			name = Release;
		};
		1F227E641CAE002600316718 /* Debug */ = {
			isa = XCBuildConfiguration;
			buildSettings = {
				BUNDLE_LOADER = "$(TEST_HOST)";
				FRAMEWORK_SEARCH_PATHS = (
					"$(SDKROOT)/Developer/Library/Frameworks",
					"$(inherited)",
				);
				GCC_PREPROCESSOR_DEFINITIONS = (
					"DEBUG=1",
					"$(inherited)",
				);
				INFOPLIST_FILE = "Boss直聘Tests/Info.plist";
				LD_RUNPATH_SEARCH_PATHS = "$(inherited) @executable_path/Frameworks @loader_path/Frameworks";
				PRODUCT_NAME = "$(TARGET_NAME)";
				TEST_HOST = "$(BUILT_PRODUCTS_DIR)/Boss直聘.app/Boss直聘";
			};
			name = Debug;
		};
		1F227E651CAE002600316718 /* Release */ = {
			isa = XCBuildConfiguration;
			buildSettings = {
				BUNDLE_LOADER = "$(TEST_HOST)";
				FRAMEWORK_SEARCH_PATHS = (
					"$(SDKROOT)/Developer/Library/Frameworks",
					"$(inherited)",
				);
				INFOPLIST_FILE = "Boss直聘Tests/Info.plist";
				LD_RUNPATH_SEARCH_PATHS = "$(inherited) @executable_path/Frameworks @loader_path/Frameworks";
				PRODUCT_NAME = "$(TARGET_NAME)";
				TEST_HOST = "$(BUILT_PRODUCTS_DIR)/Boss直聘.app/Boss直聘";
			};
			name = Release;
		};
/* End XCBuildConfiguration section */

/* Begin XCConfigurationList section */
		1F227E381CAE002600316718 /* Build configuration list for PBXProject "Boss直聘" */ = {
			isa = XCConfigurationList;
			buildConfigurations = (
				1F227E5E1CAE002600316718 /* Debug */,
				1F227E5F1CAE002600316718 /* Release */,
			);
			defaultConfigurationIsVisible = 0;
			defaultConfigurationName = Release;
		};
		1F227E601CAE002600316718 /* Build configuration list for PBXNativeTarget "Boss直聘" */ = {
			isa = XCConfigurationList;
			buildConfigurations = (
				1F227E611CAE002600316718 /* Debug */,
				1F227E621CAE002600316718 /* Release */,
			);
			defaultConfigurationIsVisible = 0;
			defaultConfigurationName = Release;
		};
		1F227E631CAE002600316718 /* Build configuration list for PBXNativeTarget "Boss直聘Tests" */ = {
			isa = XCConfigurationList;
			buildConfigurations = (
				1F227E641CAE002600316718 /* Debug */,
				1F227E651CAE002600316718 /* Release */,
			);
			defaultConfigurationIsVisible = 0;
			defaultConfigurationName = Release;
		};
/* End XCConfigurationList section */
	};
	rootObject = 1F227E351CAE002600316718 /* Project object */;
}
